
Microsoft Visual Studio Solution File, Format Version 12.00
# Visual Studio Version 17
VisualStudioVersion = 17.0.31903.59
MinimumVisualStudioVersion = 10.0.40219.1
Project("{2150E333-8FDC-42A3-9474-1A3956D46DE8}") = "src", "src", "{A13B89A5-2680-40ED-AFF3-C9C7894136D0}"
EndProject
Project("{FAE04EC0-301F-11D3-BF4B-00C04F79EFBC}") = "ALCops.Common", "src\ALCops.Common\ALCops.Common.csproj", "{6134DB3D-F8BD-4E93-AF16-FF79689C4E88}"
EndProject
Project("{FAE04EC0-301F-11D3-BF4B-00C04F79EFBC}") = "ALCops.CompanyCop", "src\ALCops.CompanyCop\ALCops.CompanyCop.csproj", "{C6B6AF1C-0334-4182-8263-CEB416BA84D0}"
EndProject
Project("{FAE04EC0-301F-11D3-BF4B-00C04F79EFBC}") = "ALCops.CompanyCop.Test", "src\ALCops.CompanyCop.Test\ALCops.CompanyCop.Test.csproj", "{C405D8F2-1721-490D-92BD-8BF4EA0C135B}"
EndProject
Global
	GlobalSection(SolutionConfigurationPlatforms) = preSolution
		Debug|Any CPU = Debug|Any CPU
		Release|Any CPU = Release|Any CPU
	EndGlobalSection
	GlobalSection(SolutionProperties) = preSolution
		HideSolutionNode = FALSE
	EndGlobalSection
	GlobalSection(ProjectConfigurationPlatforms) = postSolution
		{6134DB3D-F8BD-4E93-AF16-FF79689C4E88}.Debug|Any CPU.ActiveCfg = Debug|Any CPU
		{6134DB3D-F8BD-4E93-AF16-FF79689C4E88}.Debug|Any CPU.Build.0 = Debug|Any CPU
		{6134DB3D-F8BD-4E93-AF16-FF79689C4E88}.Release|Any CPU.ActiveCfg = Release|Any CPU
		{6134DB3D-F8BD-4E93-AF16-FF79689C4E88}.Release|Any CPU.Build.0 = Release|Any CPU
		{C6B6AF1C-0334-4182-8263-CEB416BA84D0}.Debug|Any CPU.ActiveCfg = Debug|Any CPU
		{C6B6AF1C-0334-4182-8263-CEB416BA84D0}.Debug|Any CPU.Build.0 = Debug|Any CPU
		{C6B6AF1C-0334-4182-8263-CEB416BA84D0}.Release|Any CPU.ActiveCfg = Release|Any CPU
		{C6B6AF1C-0334-4182-8263-CEB416BA84D0}.Release|Any CPU.Build.0 = Release|Any CPU
		{C405D8F2-1721-490D-92BD-8BF4EA0C135B}.Debug|Any CPU.ActiveCfg = Debug|Any CPU
		{C405D8F2-1721-490D-92BD-8BF4EA0C135B}.Debug|Any CPU.Build.0 = Debug|Any CPU
		{C405D8F2-1721-490D-92BD-8BF4EA0C135B}.Release|Any CPU.ActiveCfg = Release|Any CPU
		{C405D8F2-1721-490D-92BD-8BF4EA0C135B}.Release|Any CPU.Build.0 = Release|Any CPU
	EndGlobalSection
	GlobalSection(NestedProjects) = preSolution
		{6134DB3D-F8BD-4E93-AF16-FF79689C4E88} = {A13B89A5-2680-40ED-AFF3-C9C7894136D0}
		{C6B6AF1C-0334-4182-8263-CEB416BA84D0} = {A13B89A5-2680-40ED-AFF3-C9C7894136D0}
		{C405D8F2-1721-490D-92BD-8BF4EA0C135B} = {A13B89A5-2680-40ED-AFF3-C9C7894136D0}
	EndGlobalSection
EndGlobal
